
Microsoft Visual Studio Solution File, Format Version 12.00
# Visual Studio Version 18
VisualStudioVersion = 18.5.11716.220 stable
MinimumVisualStudioVersion = 10.0.40219.1
Project("{FAE04EC0-301F-11D3-BF4B-00C04F79EFBC}") = "SeaNest", "SeaNest\SeaNest.csproj", "{ED7FE186-7B29-4545-9949-89C9E7074A32}"
EndProject
Project("{FAE04EC0-301F-11D3-BF4B-00C04F79EFBC}") = "SeaNest.Nesting.Core", "SeaNest.Nesting.Core\SeaNest.Nesting.Core.csproj", "{803D039D-E6C3-488C-A9B1-BAB2AE223BA0}"
EndProject
Global
	GlobalSection(SolutionConfigurationPlatforms) = preSolution
		Debug|Any CPU = Debug|Any CPU
		Debug|x64 = Debug|x64
		Debug|x86 = Debug|x86
		Release|Any CPU = Release|Any CPU
		Release|x64 = Release|x64
		Release|x86 = Release|x86
	EndGlobalSection
	GlobalSection(ProjectConfigurationPlatforms) = postSolution
		{ED7FE186-7B29-4545-9949-89C9E7074A32}.Debug|Any CPU.ActiveCfg = Debug|Any CPU
		{ED7FE186-7B29-4545-9949-89C9E7074A32}.Debug|Any CPU.Build.0 = Debug|Any CPU
		{ED7FE186-7B29-4545-9949-89C9E7074A32}.Debug|x64.ActiveCfg = Debug|Any CPU
		{ED7FE186-7B29-4545-9949-89C9E7074A32}.Debug|x64.Build.0 = Debug|Any CPU
		{ED7FE186-7B29-4545-9949-89C9E7074A32}.Debug|x86.ActiveCfg = Debug|Any CPU
		{ED7FE186-7B29-4545-9949-89C9E7074A32}.Debug|x86.Build.0 = Debug|Any CPU
		{ED7FE186-7B29-4545-9949-89C9E7074A32}.Release|Any CPU.ActiveCfg = Release|Any CPU
		{ED7FE186-7B29-4545-9949-89C9E7074A32}.Release|Any CPU.Build.0 = Release|Any CPU
		{ED7FE186-7B29-4545-9949-89C9E7074A32}.Release|x64.ActiveCfg = Release|Any CPU
		{ED7FE186-7B29-4545-9949-89C9E7074A32}.Release|x64.Build.0 = Release|Any CPU
		{ED7FE186-7B29-4545-9949-89C9E7074A32}.Release|x86.ActiveCfg = Release|Any CPU
		{ED7FE186-7B29-4545-9949-89C9E7074A32}.Release|x86.Build.0 = Release|Any CPU
		{803D039D-E6C3-488C-A9B1-BAB2AE223BA0}.Debug|Any CPU.ActiveCfg = Debug|Any CPU
		{803D039D-E6C3-488C-A9B1-BAB2AE223BA0}.Debug|Any CPU.Build.0 = Debug|Any CPU
		{803D039D-E6C3-488C-A9B1-BAB2AE223BA0}.Debug|x64.ActiveCfg = Debug|Any CPU
		{803D039D-E6C3-488C-A9B1-BAB2AE223BA0}.Debug|x64.Build.0 = Debug|Any CPU
		{803D039D-E6C3-488C-A9B1-BAB2AE223BA0}.Debug|x86.ActiveCfg = Debug|Any CPU
		{803D039D-E6C3-488C-A9B1-BAB2AE223BA0}.Debug|x86.Build.0 = Debug|Any CPU
		{803D039D-E6C3-488C-A9B1-BAB2AE223BA0}.Release|Any CPU.ActiveCfg = Release|Any CPU
		{803D039D-E6C3-488C-A9B1-BAB2AE223BA0}.Release|Any CPU.Build.0 = Release|Any CPU
		{803D039D-E6C3-488C-A9B1-BAB2AE223BA0}.Release|x64.ActiveCfg = Release|Any CPU
		{803D039D-E6C3-488C-A9B1-BAB2AE223BA0}.Release|x64.Build.0 = Release|Any CPU
		{803D039D-E6C3-488C-A9B1-BAB2AE223BA0}.Release|x86.ActiveCfg = Release|Any CPU
		{803D039D-E6C3-488C-A9B1-BAB2AE223BA0}.Release|x86.Build.0 = Release|Any CPU
	EndGlobalSection
	GlobalSection(SolutionProperties) = preSolution
		HideSolutionNode = FALSE
	EndGlobalSection
	GlobalSection(ExtensibilityGlobals) = postSolution
		SolutionGuid = {3D96ED0E-3C6B-41B1-98EE-3E0ED35A11BD}
	EndGlobalSection
EndGlobal